// !$*UTF8*$!
{
	archiveVersion = 1;
	classes = {
	};
	objectVersion = 46;
	objects = {

/* Begin PBXFileReference section */
		C74813001541798F00771603 /* linkedlist.m */ = {isa = PBXFileReference; lastKnownFileType = sourcecode.c.objc; path = linkedlist.m; sourceTree = "<group>"; };
/* End PBXFileReference section */

/* Begin PBXGroup section */
		C74812F31541797200771603 = {
			isa = PBXGroup;
			children = (
				C74813001541798F00771603 /* linkedlist.m */,
			);
			sourceTree = "<group>";
		};
/* End PBXGroup section */

/* Begin PBXProject section */
		C74812F51541797200771603 /* Project object */ = {
			isa = PBXProject;
			attributes = {
				LastUpgradeCheck = 0420;
				ORGANIZATIONNAME = "University of Virginia";
			};
			buildConfigurationList = C74812F81541797200771603 /* Build configuration list for PBXProject "2150" */;
			compatibilityVersion = "Xcode 3.2";
			developmentRegion = English;
			hasScannedForEncodings = 0;
			knownRegions = (
				en,
			);
			mainGroup = C74812F31541797200771603;
			projectDirPath = "";
			projectRoot = "";
			targets = (
			);
		};
/* End PBXProject section */

/* Begin XCBuildConfiguration section */
		C74812FA1541797200771603 /* Debug */ = {
			isa = XCBuildConfiguration;
			buildSettings = {
			};
			name = Debug;
		};
		C74812FB1541797200771603 /* Release */ = {
			isa = XCBuildConfiguration;
			buildSettings = {
			};
			name = Release;
		};
/* End XCBuildConfiguration section */

/* Begin XCConfigurationList section */
		C74812F81541797200771603 /* Build configuration list for PBXProject "2150" */ = {
			isa = XCConfigurationList;
			buildConfigurations = (
				C74812FA1541797200771603 /* Debug */,
				C74812FB1541797200771603 /* Release */,
			);
			defaultConfigurationIsVisible = 0;
			defaultConfigurationName = Release;
		};
/* End XCConfigurationList section */
	};
	rootObject = C74812F51541797200771603 /* Project object */;
}
